PODS:
  - AFNetworking (3.2.1):
    - AFNetworking/NSURLSession (= 3.2.1)
    - AFNetworking/Reachability (= 3.2.1)
    - AFNetworking/Security (= 3.2.1)
    - AFNetworking/Serialization (= 3.2.1)
    - AFNetworking/UIKit (= 3.2.1)
  - AFNetworking/NSURLSession (3.2.1):
    - AFNetworking/Reachability
    - AFNetworking/Security
    - AFNetworking/Serialization
  - AFNetworking/Reachability (3.2.1)
  - AFNetworking/Security (3.2.1)
  - AFNetworking/Serialization (3.2.1)
  - AFNetworking/UIKit (3.2.1):
    - AFNetworking/NSURLSession
  - IQKeyboardManager (6.4.0)
  - JCore (2.1.1)
  - JJFontFit (1.0.1)
  - JPush (3.2.2):
    - JCore (< 3.0.0, >= 2.0.0)
  - JXCategoryView (1.3.17)
  - MBProgressHUD (1.1.0)
  - MJRefresh (3.2.0)
  - NHHUDExtend (1.0.2):
    - MBProgressHUD
  - PNChart (0.8.9):
    - UICountingLabel (~> 1.2.0)
  - SDWebImage (5.0.6):
    - SDWebImage/Core (= 5.0.6)
  - SDWebImage/Core (5.0.6)
  - TencentMap-SDK (4.2.7)
  - TYCyclePagerView (1.2.0)
  - UICountingLabel (1.2.0)
  - UMCCommon (2.1.1)
  - UMCSecurityPlugins (1.0.6)
  - UMCShare/Core (6.9.6):
    - UMCCommon
  - UMCShare/Social/ReducedWeChat (6.9.6):
    - UMCCommon
    - UMCShare/Core
  - UMCShare/UI (6.9.6):
    - UMCCommon
    - UMCShare/Core
  - YYCache (1.0.4)
  - YYModel (1.0.4)
  - ZFPlayer/AVPlayer (3.2.13):
    - ZFPlayer/Core
  - ZFPlayer/ControlView (3.2.13):
    - ZFPlayer/Core
  - ZFPlayer/Core (3.2.13)
  - zhPopupController (1.0.3)
  - ZLCollectionViewFlowLayout (1.1.3)
  - ZLPhotoBrowser (3.0.6):
    - SDWebImage (~> 5.0.2)

DEPENDENCIES:
  - AFNetworking
  - IQKeyboardManager
  - JJFontFit
  - JPush
  - JXCategoryView
  - MJRefresh
  - NHHUDExtend
  - PNChart
  - TencentMap-SDK
  - TYCyclePagerView
  - UMCCommon
  - UMCSecurityPlugins
  - UMCShare/Social/ReducedWeChat
  - UMCShare/UI
  - YYCache
  - YYModel
  - ZFPlayer/AVPlayer
  - ZFPlayer/ControlView
  - zhPopupController
  - ZLCollectionViewFlowLayout
  - ZLPhotoBrowser

SPEC REPOS:
  https://github.com/cocoapods/specs.git:
    - AFNetworking
    - IQKeyboardManager
    - JCore
    - JJFontFit
    - JPush
    - JXCategoryView
    - MBProgressHUD
    - MJRefresh
    - NHHUDExtend
    - PNChart
    - SDWebImage
    - TencentMap-SDK
    - TYCyclePagerView
    - UICountingLabel
    - UMCCommon
    - UMCSecurityPlugins
    - UMCShare
    - YYCache
    - YYModel
    - ZFPlayer
    - zhPopupController
    - ZLCollectionViewFlowLayout
    - ZLPhotoBrowser

SPEC CHECKSUMS:
  AFNetworking: b6f891fdfaed196b46c7a83cf209e09697b94057
  IQKeyboardManager: fcef267266379c003181fc3592f6bdb8bf4db839
  JCore: 4072327557f0b83cc22dd4041f2f839740c0077b
  JJFontFit: 1332e4bf5b5d55d335ec1d6dd585d7f4da21c348
  JPush: 0e9088c85c73275629facc311fe5992dfac36eeb
  JXCategoryView: 4d1c3a6bc1940b33460898b8e6d9fe34093652d4
  MBProgressHUD: e7baa36a220447d8aeb12769bf0585582f3866d9
  MJRefresh: ed450d6eb9d3346a2cb033ab7eb6de090aeef437
  NHHUDExtend: 1fd914b12b93ac61c1cfdb04485c25db59f27627
  PNChart: 84774d225c2126ded6c93d4dbe6ae98c3a73c2d2
  SDWebImage: 920f1a2ff1ca8296ad34f6e0510a1ef1d70ac965
  TencentMap-SDK: ec50f6028218a2fc0379d261c3327a4b6f3e2b21
  TYCyclePagerView: 2b051dade0615c70784aa34f40c646feeddb7344
  UICountingLabel: 1db4e7d023e1762171eb226d6dff47a7a84f27aa
  UMCCommon: 971f324a5a99c9d662ae040a815e7e3d7ef8b2a8
  UMCSecurityPlugins: 0831a08f3988f3cea9f1d3a7626cd9bee4fef150
  UMCShare: e0cef55c0fd6051254c8cda1d0630eb578b27bad
  YYCache: 8105b6638f5e849296c71f331ff83891a4942952
  YYModel: 2a7fdd96aaa4b86a824e26d0c517de8928c04b30
  ZFPlayer: b2ba40c924e1b9a7f0a670632c4235ffbe6ee055
  zhPopupController: 4e6bd734062cb9c7ebe8113568550bade168bed7
  ZLCollectionViewFlowLayout: 44293c96b7fd275f107b321ba1dc3f95869c3860
  ZLPhotoBrowser: 8975b83f53dbcec1399ef8d1badffc0e09aa9422

PODFILE CHECKSUM: 8ece32ec7b7b884cb945be286b989d9df575f194

COCOAPODS: 1.6.1
